
Microsoft Visual Studio Solution File, Format Version 12.00
# Visual Studio Version 17
VisualStudioVersion = 17.1.32328.378
MinimumVisualStudioVersion = 10.0.40219.1
Project("{8BC9CEB8-8B4A-11D0-8D11-00A0C91BC942}") = "初识结构体", "初识结构体\初识结构体.vcxproj", "{0579CEB0-56DA-4863-85DB-E6DFD7AC586F}"
EndProject
Global
	GlobalSection(SolutionConfigurationPlatforms) = preSolution
		Debug|x64 = Debug|x64
		Debug|x86 = Debug|x86
		Release|x64 = Release|x64
		Release|x86 = Release|x86
	EndGlobalSection
	GlobalSection(ProjectConfigurationPlatforms) = postSolution
		{0579CEB0-56DA-4863-85DB-E6DFD7AC586F}.Debug|x64.ActiveCfg = Debug|x64
		{0579CEB0-56DA-4863-85DB-E6DFD7AC586F}.Debug|x64.Build.0 = Debug|x64
		{0579CEB0-56DA-4863-85DB-E6DFD7AC586F}.Debug|x86.ActiveCfg = Debug|Win32
		{0579CEB0-56DA-4863-85DB-E6DFD7AC586F}.Debug|x86.Build.0 = Debug|Win32
		{0579CEB0-56DA-4863-85DB-E6DFD7AC586F}.Release|x64.ActiveCfg = Release|x64
		{0579CEB0-56DA-4863-85DB-E6DFD7AC586F}.Release|x64.Build.0 = Release|x64
		{0579CEB0-56DA-4863-85DB-E6DFD7AC586F}.Release|x86.ActiveCfg = Release|Win32
		{0579CEB0-56DA-4863-85DB-E6DFD7AC586F}.Release|x86.Build.0 = Release|Win32
	EndGlobalSection
	GlobalSection(SolutionProperties) = preSolution
		HideSolutionNode = FALSE
	EndGlobalSection
	GlobalSection(ExtensibilityGlobals) = postSolution
		SolutionGuid = {1083FBF1-0628-4351-8D3A-8D5267C00AF1}
	EndGlobalSection
EndGlobal
